
Microsoft Visual Studio Solution File, Format Version 12.00
# Visual Studio 15
VisualStudioVersion = 15.0.28307.645
MinimumVisualStudioVersion = 10.0.40219.1
Project("{FAE04EC0-301F-11D3-BF4B-00C04F79EFBC}") = "GZipTest", "GZipTest\GZipTest.csproj", "{4D0FFE48-DAB0-4F6A-8AAB-A2D032ADFE86}"
EndProject
Project("{FAE04EC0-301F-11D3-BF4B-00C04F79EFBC}") = "GZipTestLibrary", "GZipTestLibrary\GZipTestLibrary.csproj", "{7769E683-5C28-4607-A1AF-0DE397107A1E}"
EndProject
Project("{FAE04EC0-301F-11D3-BF4B-00C04F79EFBC}") = "WpfGZipTest", "WpfGZipTest\WpfGZipTest.csproj", "{017E43D7-9ADF-4ED2-8EBE-00AD92718BF7}"
EndProject
Global
	GlobalSection(SolutionConfigurationPlatforms) = preSolution
		Debug|Any CPU = Debug|Any CPU
		Release|Any CPU = Release|Any CPU
	EndGlobalSection
	GlobalSection(ProjectConfigurationPlatforms) = postSolution
		{4D0FFE48-DAB0-4F6A-8AAB-A2D032ADFE86}.Debug|Any CPU.ActiveCfg = Debug|Any CPU
		{4D0FFE48-DAB0-4F6A-8AAB-A2D032ADFE86}.Debug|Any CPU.Build.0 = Debug|Any CPU
		{4D0FFE48-DAB0-4F6A-8AAB-A2D032ADFE86}.Release|Any CPU.ActiveCfg = Release|Any CPU
		{4D0FFE48-DAB0-4F6A-8AAB-A2D032ADFE86}.Release|Any CPU.Build.0 = Release|Any CPU
		{7769E683-5C28-4607-A1AF-0DE397107A1E}.Debug|Any CPU.ActiveCfg = Debug|Any CPU
		{7769E683-5C28-4607-A1AF-0DE397107A1E}.Debug|Any CPU.Build.0 = Debug|Any CPU
		{7769E683-5C28-4607-A1AF-0DE397107A1E}.Release|Any CPU.ActiveCfg = Release|Any CPU
		{7769E683-5C28-4607-A1AF-0DE397107A1E}.Release|Any CPU.Build.0 = Release|Any CPU
		{017E43D7-9ADF-4ED2-8EBE-00AD92718BF7}.Debug|Any CPU.ActiveCfg = Debug|Any CPU
		{017E43D7-9ADF-4ED2-8EBE-00AD92718BF7}.Debug|Any CPU.Build.0 = Debug|Any CPU
		{017E43D7-9ADF-4ED2-8EBE-00AD92718BF7}.Release|Any CPU.ActiveCfg = Release|Any CPU
		{017E43D7-9ADF-4ED2-8EBE-00AD92718BF7}.Release|Any CPU.Build.0 = Release|Any CPU
	EndGlobalSection
	GlobalSection(SolutionProperties) = preSolution
		HideSolutionNode = FALSE
	EndGlobalSection
	GlobalSection(ExtensibilityGlobals) = postSolution
		SolutionGuid = {0425BCF5-E8C4-4A23-832D-1D474DEB13A0}
	EndGlobalSection
EndGlobal
